<Project xmlns="http://schemas.microsoft.com/developer/msbuild/2003">
    <PropertyGroup>
        <ProjectGuid>{8AD2341B-34F5-4CB3-9712-D3B71C0A5854}</ProjectGuid>
        <MainSource>FieldPec.dpr</MainSource>
        <Base>True</Base>
        <Config Condition="'$(Config)'==''">Debug</Config>
        <TargetedPlatforms>33793</TargetedPlatforms>
        <AppType>Application</AppType>
        <FrameworkType>FMX</FrameworkType>
        <ProjectVersion>19.2</ProjectVersion>
        <Platform Condition="'$(Platform)'==''">Win32</Platform>
    </PropertyGroup>
    <PropertyGroup Condition="'$(Config)'=='Base' or '$(Base)'!=''">
        <Base>true</Base>
    </PropertyGroup>
    <PropertyGroup Condition="('$(Platform)'=='Android' and '$(Base)'=='true') or '$(Base_Android)'!=''">
        <Base_Android>true</Base_Android>
        <CfgParent>Base</CfgParent>
        <Base>true</Base>
    </PropertyGroup>
    <PropertyGroup Condition="('$(Platform)'=='Android64' and '$(Base)'=='true') or '$(Base_Android64)'!=''">
        <Base_Android64>true</Base_Android64>
        <CfgParent>Base</CfgParent>
        <Base>true</Base>
    </PropertyGroup>
    <PropertyGroup Condition="('$(Platform)'=='iOSDevice64' and '$(Base)'=='true') or '$(Base_iOSDevice64)'!=''">
        <Base_iOSDevice64>true</Base_iOSDevice64>
        <CfgParent>Base</CfgParent>
        <Base>true</Base>
    </PropertyGroup>
    <PropertyGroup Condition="('$(Platform)'=='iOSSimulator' and '$(Base)'=='true') or '$(Base_iOSSimulator)'!=''">
        <Base_iOSSimulator>true</Base_iOSSimulator>
        <CfgParent>Base</CfgParent>
        <Base>true</Base>
    </PropertyGroup>
    <PropertyGroup Condition="('$(Platform)'=='Win32' and '$(Base)'=='true') or '$(Base_Win32)'!=''">
        <Base_Win32>true</Base_Win32>
        <CfgParent>Base</CfgParent>
        <Base>true</Base>
    </PropertyGroup>
    <PropertyGroup Condition="('$(Platform)'=='Win64' and '$(Base)'=='true') or '$(Base_Win64)'!=''">
        <Base_Win64>true</Base_Win64>
        <CfgParent>Base</CfgParent>
        <Base>true</Base>
    </PropertyGroup>
    <PropertyGroup Condition="'$(Config)'=='Release' or '$(Cfg_1)'!=''">
        <Cfg_1>true</Cfg_1>
        <CfgParent>Base</CfgParent>
        <Base>true</Base>
    </PropertyGroup>
    <PropertyGroup Condition="('$(Platform)'=='Win32' and '$(Cfg_1)'=='true') or '$(Cfg_1_Win32)'!=''">
        <Cfg_1_Win32>true</Cfg_1_Win32>
        <CfgParent>Cfg_1</CfgParent>
        <Cfg_1>true</Cfg_1>
        <Base>true</Base>
    </PropertyGroup>
    <PropertyGroup Condition="'$(Config)'=='Debug' or '$(Cfg_2)'!=''">
        <Cfg_2>true</Cfg_2>
        <CfgParent>Base</CfgParent>
        <Base>true</Base>
    </PropertyGroup>
    <PropertyGroup Condition="('$(Platform)'=='Android64' and '$(Cfg_2)'=='true') or '$(Cfg_2_Android64)'!=''">
        <Cfg_2_Android64>true</Cfg_2_Android64>
        <CfgParent>Cfg_2</CfgParent>
        <Cfg_2>true</Cfg_2>
        <Base>true</Base>
    </PropertyGroup>
    <PropertyGroup Condition="('$(Platform)'=='iOSDevice64' and '$(Cfg_2)'=='true') or '$(Cfg_2_iOSDevice64)'!=''">
        <Cfg_2_iOSDevice64>true</Cfg_2_iOSDevice64>
        <CfgParent>Cfg_2</CfgParent>
        <Cfg_2>true</Cfg_2>
        <Base>true</Base>
    </PropertyGroup>
    <PropertyGroup Condition="('$(Platform)'=='iOSSimulator' and '$(Cfg_2)'=='true') or '$(Cfg_2_iOSSimulator)'!=''">
        <Cfg_2_iOSSimulator>true</Cfg_2_iOSSimulator>
        <CfgParent>Cfg_2</CfgParent>
        <Cfg_2>true</Cfg_2>
        <Base>true</Base>
    </PropertyGroup>
    <PropertyGroup Condition="('$(Platform)'=='Win32' and '$(Cfg_2)'=='true') or '$(Cfg_2_Win32)'!=''">
        <Cfg_2_Win32>true</Cfg_2_Win32>
        <CfgParent>Cfg_2</CfgParent>
        <Cfg_2>true</Cfg_2>
        <Base>true</Base>
    </PropertyGroup>
    <PropertyGroup Condition="'$(Base)'!=''">
        <DCC_E>false</DCC_E>
        <DCC_F>false</DCC_F>
        <DCC_K>false</DCC_K>
        <DCC_N>false</DCC_N>
        <DCC_S>false</DCC_S>
        <DCC_ImageBase>00400000</DCC_ImageBase>
        <SanitizedProjectName>FieldPec</SanitizedProjectName>
        <VerInfo_Locale>1046</VerInfo_Locale>
        <VerInfo_Keys>CompanyName=;FileDescription=;FileVersion=1.0.0.0;InternalName=;LegalCopyright=;LegalTrademarks=;OriginalFilename=;ProductName=;ProductVersion=1.0.0.0;Comments=;CFBundleName=</VerInfo_Keys>
        <DCC_Namespace>System;Xml;Data;Datasnap;Web;Soap;Winapi;System.Win;$(DCC_Namespace)</DCC_Namespace>
        <Icon_MainIcon>$(BDS)\bin\delphi_PROJECTICON.ico</Icon_MainIcon>
        <Icns_MainIcns>$(BDS)\bin\delphi_PROJECTICNS.icns</Icns_MainIcns>
    </PropertyGroup>
    <PropertyGroup Condition="'$(Base_Android)'!=''">
        <VerInfo_Keys>package=com.embarcadero.$(MSBuildProjectName);label=$(MSBuildProjectName);versionCode=1;versionName=1.0.0;persistent=False;restoreAnyVersion=False;installLocation=auto;largeHeap=False;theme=TitleBar;hardwareAccelerated=true;apiKey=</VerInfo_Keys>
        <BT_BuildType>Debug</BT_BuildType>
        <VerInfo_IncludeVerInfo>true</VerInfo_IncludeVerInfo>
        <Android_LauncherIcon36>$(BDS)\bin\Artwork\Android\FM_LauncherIcon_36x36.png</Android_LauncherIcon36>
        <Android_LauncherIcon48>$(BDS)\bin\Artwork\Android\FM_LauncherIcon_48x48.png</Android_LauncherIcon48>
        <Android_LauncherIcon72>$(BDS)\bin\Artwork\Android\FM_LauncherIcon_72x72.png</Android_LauncherIcon72>
        <Android_LauncherIcon96>$(BDS)\bin\Artwork\Android\FM_LauncherIcon_96x96.png</Android_LauncherIcon96>
        <Android_LauncherIcon144>$(BDS)\bin\Artwork\Android\FM_LauncherIcon_144x144.png</Android_LauncherIcon144>
        <Android_SplashImage426>$(BDS)\bin\Artwork\Android\FM_SplashImage_426x320.png</Android_SplashImage426>
        <Android_SplashImage470>$(BDS)\bin\Artwork\Android\FM_SplashImage_470x320.png</Android_SplashImage470>
        <Android_SplashImage640>$(BDS)\bin\Artwork\Android\FM_SplashImage_640x480.png</Android_SplashImage640>
        <Android_SplashImage960>$(BDS)\bin\Artwork\Android\FM_SplashImage_960x720.png</Android_SplashImage960>
        <AUP_ACCESS_COARSE_LOCATION>true</AUP_ACCESS_COARSE_LOCATION>
        <AUP_ACCESS_FINE_LOCATION>true</AUP_ACCESS_FINE_LOCATION>
        <AUP_CALL_PHONE>true</AUP_CALL_PHONE>
        <AUP_CAMERA>true</AUP_CAMERA>
        <AUP_INTERNET>true</AUP_INTERNET>
        <AUP_READ_CALENDAR>true</AUP_READ_CALENDAR>
        <AUP_READ_EXTERNAL_STORAGE>true</AUP_READ_EXTERNAL_STORAGE>
        <AUP_WRITE_CALENDAR>true</AUP_WRITE_CALENDAR>
        <AUP_WRITE_EXTERNAL_STORAGE>true</AUP_WRITE_EXTERNAL_STORAGE>
        <AUP_READ_PHONE_STATE>true</AUP_READ_PHONE_STATE>
        <Android_NotificationIcon24>$(BDS)\bin\Artwork\Android\FM_NotificationIcon_24x24.png</Android_NotificationIcon24>
        <Android_NotificationIcon36>$(BDS)\bin\Artwork\Android\FM_NotificationIcon_36x36.png</Android_NotificationIcon36>
        <Android_NotificationIcon48>$(BDS)\bin\Artwork\Android\FM_NotificationIcon_48x48.png</Android_NotificationIcon48>
        <Android_NotificationIcon72>$(BDS)\bin\Artwork\Android\FM_NotificationIcon_72x72.png</Android_NotificationIcon72>
        <Android_NotificationIcon96>$(BDS)\bin\Artwork\Android\FM_NotificationIcon_96x96.png</Android_NotificationIcon96>
        <Android_LauncherIcon192>$(BDS)\bin\Artwork\Android\FM_LauncherIcon_192x192.png</Android_LauncherIcon192>
        <EnabledSysJars>android-support-v4.dex.jar;cloud-messaging.dex.jar;com-google-android-gms.play-services-ads-base.17.2.0.dex.jar;com-google-android-gms.play-services-ads-identifier.16.0.0.dex.jar;com-google-android-gms.play-services-ads-lite.17.2.0.dex.jar;com-google-android-gms.play-services-ads.17.2.0.dex.jar;com-google-android-gms.play-services-analytics-impl.16.0.8.dex.jar;com-google-android-gms.play-services-analytics.16.0.8.dex.jar;com-google-android-gms.play-services-base.16.0.1.dex.jar;com-google-android-gms.play-services-basement.16.2.0.dex.jar;com-google-android-gms.play-services-gass.17.2.0.dex.jar;com-google-android-gms.play-services-identity.16.0.0.dex.jar;com-google-android-gms.play-services-maps.16.1.0.dex.jar;com-google-android-gms.play-services-measurement-base.16.4.0.dex.jar;com-google-android-gms.play-services-measurement-sdk-api.16.4.0.dex.jar;com-google-android-gms.play-services-stats.16.0.1.dex.jar;com-google-android-gms.play-services-tagmanager-v4-impl.16.0.8.dex.jar;com-google-android-gms.play-services-tasks.16.0.1.dex.jar;com-google-android-gms.play-services-wallet.16.0.1.dex.jar;com-google-firebase.firebase-analytics.16.4.0.dex.jar;com-google-firebase.firebase-common.16.1.0.dex.jar;com-google-firebase.firebase-iid-interop.16.0.1.dex.jar;com-google-firebase.firebase-iid.17.1.1.dex.jar;com-google-firebase.firebase-measurement-connector.17.0.1.dex.jar;com-google-firebase.firebase-messaging.17.5.0.dex.jar;fmx.dex.jar;google-play-billing.dex.jar;google-play-licensing.dex.jar</EnabledSysJars>
    </PropertyGroup>
    <PropertyGroup Condition="'$(Base_Android64)'!=''">
        <Android_LauncherIcon192>$(BDS)\bin\Artwork\Android\FM_LauncherIcon_192x192.png</Android_LauncherIcon192>
        <EnabledSysJars>android-support-v4.dex.jar;cloud-messaging.dex.jar;com-google-android-gms.play-services-ads-base.17.2.0.dex.jar;com-google-android-gms.play-services-ads-identifier.16.0.0.dex.jar;com-google-android-gms.play-services-ads-lite.17.2.0.dex.jar;com-google-android-gms.play-services-ads.17.2.0.dex.jar;com-google-android-gms.play-services-analytics-impl.16.0.8.dex.jar;com-google-android-gms.play-services-analytics.16.0.8.dex.jar;com-google-android-gms.play-services-base.16.0.1.dex.jar;com-google-android-gms.play-services-basement.16.2.0.dex.jar;com-google-android-gms.play-services-gass.17.2.0.dex.jar;com-google-android-gms.play-services-identity.16.0.0.dex.jar;com-google-android-gms.play-services-maps.16.1.0.dex.jar;com-google-android-gms.play-services-measurement-base.16.4.0.dex.jar;com-google-android-gms.play-services-measurement-sdk-api.16.4.0.dex.jar;com-google-android-gms.play-services-stats.16.0.1.dex.jar;com-google-android-gms.play-services-tagmanager-v4-impl.16.0.8.dex.jar;com-google-android-gms.play-services-tasks.16.0.1.dex.jar;com-google-android-gms.play-services-wallet.16.0.1.dex.jar;com-google-firebase.firebase-analytics.16.4.0.dex.jar;com-google-firebase.firebase-common.16.1.0.dex.jar;com-google-firebase.firebase-iid-interop.16.0.1.dex.jar;com-google-firebase.firebase-iid.17.1.1.dex.jar;com-google-firebase.firebase-measurement-connector.17.0.1.dex.jar;com-google-firebase.firebase-messaging.17.5.0.dex.jar;fmx.dex.jar;google-play-billing.dex.jar;google-play-licensing.dex.jar</EnabledSysJars>
    </PropertyGroup>
    <PropertyGroup Condition="'$(Base_iOSDevice64)'!=''">
        <iPhone_Setting87>$(BDS)\bin\Artwork\iOS\iPhone\FM_SettingIcon_87x87.png</iPhone_Setting87>
        <iPhone_AppIcon180>$(BDS)\bin\Artwork\iOS\iPhone\FM_ApplicationIcon_180x180.png</iPhone_AppIcon180>
        <iPhone_Spotlight120>$(BDS)\bin\Artwork\iOS\iPhone\FM_SpotlightSearchIcon_120x120.png</iPhone_Spotlight120>
        <iPad_AppIcon167>$(BDS)\bin\Artwork\iOS\iPad\FM_ApplicationIcon_167x167.png</iPad_AppIcon167>
        <iPhone_Launch2x>$(BDS)\bin\Artwork\iOS\iPhone\FM_LaunchImage_2x.png</iPhone_Launch2x>
        <iPhone_LaunchDark2x>$(BDS)\bin\Artwork\iOS\iPhone\FM_LaunchImageDark_2x.png</iPhone_LaunchDark2x>
        <iPhone_Launch3x>$(BDS)\bin\Artwork\iOS\iPhone\FM_LaunchImage_3x.png</iPhone_Launch3x>
        <iPhone_LaunchDark3x>$(BDS)\bin\Artwork\iOS\iPhone\FM_LaunchImageDark_3x.png</iPhone_LaunchDark3x>
        <iPad_Launch2x>$(BDS)\bin\Artwork\iOS\iPad\FM_LaunchImage_2x.png</iPad_Launch2x>
        <iPad_LaunchDark2x>$(BDS)\bin\Artwork\iOS\iPad\FM_LaunchImageDark_2x.png</iPad_LaunchDark2x>
        <iOS_AppStore1024>$(BDS)\bin\Artwork\iOS\iPhone\FM_ApplicationIcon_1024x1024.png</iOS_AppStore1024>
    </PropertyGroup>
    <PropertyGroup Condition="'$(Base_iOSSimulator)'!=''">
        <VerInfo_Keys>CFBundleName=$(MSBuildProjectName);CFBundleDevelopmentRegion=en;CFBundleDisplayName=$(MSBuildProjectName);CFBundleIdentifier=$(MSBuildProjectName);CFBundleInfoDictionaryVersion=7.1;CFBundleVersion=1.0.0;CFBundleShortVersionString=1.0.0;CFBundlePackageType=APPL;CFBundleSignature=????;LSRequiresIPhoneOS=true;CFBundleAllowMixedLocalizations=YES;CFBundleExecutable=$(MSBuildProjectName);UIDeviceFamily=iPhone &amp; iPad;NSLocationAlwaysUsageDescription=The reason for accessing the location information of the user;NSLocationWhenInUseUsageDescription=The reason for accessing the location information of the user;NSLocationAlwaysAndWhenInUseUsageDescription=The reason for accessing the location information of the user;UIBackgroundModes=;NSContactsUsageDescription=The reason for accessing the contacts;NSPhotoLibraryUsageDescription=The reason for accessing the photo library;NSPhotoLibraryAddUsageDescription=The reason for adding to the photo library;NSCameraUsageDescription=The reason for accessing the camera;NSFaceIDUsageDescription=The reason for accessing the face id;NSMicrophoneUsageDescription=The reason for accessing the microphone;NSSiriUsageDescription=The reason for accessing Siri;ITSAppUsesNonExemptEncryption=false;NSBluetoothAlwaysUsageDescription=The reason for accessing bluetooth;NSBluetoothPeripheralUsageDescription=The reason for accessing bluetooth peripherals;NSCalendarsUsageDescription=The reason for accessing the calendar data;NSRemindersUsageDescription=The reason for accessing the reminders;NSMotionUsageDescription=The reason for accessing the accelerometer;NSSpeechRecognitionUsageDescription=The reason for requesting to send user data to Apple&apos;s speech recognition servers</VerInfo_Keys>
        <VerInfo_UIDeviceFamily>iPhoneAndiPad</VerInfo_UIDeviceFamily>
        <VerInfo_IncludeVerInfo>true</VerInfo_IncludeVerInfo>
        <iPhone_AppIcon120>$(BDS)\bin\Artwork\iOS\iPhone\FM_ApplicationIcon_120x120.png</iPhone_AppIcon120>
        <iPhone_Spotlight80>$(BDS)\bin\Artwork\iOS\iPhone\FM_SpotlightSearchIcon_80x80.png</iPhone_Spotlight80>
        <iPhone_Notification40>$(BDS)\bin\Artwork\iOS\iPhone\FM_NotificationIcon_40x40.png</iPhone_Notification40>
        <iPhone_Notification60>$(BDS)\bin\Artwork\iOS\iPhone\FM_NotificationIcon_60x60.png</iPhone_Notification60>
        <iPad_SpotLight80>$(BDS)\bin\Artwork\iOS\iPad\FM_SpotlightSearchIcon_80x80.png</iPad_SpotLight80>
        <iPad_Notification40>$(BDS)\bin\Artwork\iOS\iPad\FM_NotificationIcon_40x40.png</iPad_Notification40>
        <iPad_AppIcon152>$(BDS)\bin\Artwork\iOS\iPad\FM_ApplicationIcon_152x152.png</iPad_AppIcon152>
        <iPhone_Setting87>$(BDS)\bin\Artwork\iOS\iPhone\FM_SettingIcon_87x87.png</iPhone_Setting87>
        <iPhone_AppIcon180>$(BDS)\bin\Artwork\iOS\iPhone\FM_ApplicationIcon_180x180.png</iPhone_AppIcon180>
        <iPhone_Spotlight120>$(BDS)\bin\Artwork\iOS\iPhone\FM_SpotlightSearchIcon_120x120.png</iPhone_Spotlight120>
        <iPad_AppIcon167>$(BDS)\bin\Artwork\iOS\iPad\FM_ApplicationIcon_167x167.png</iPad_AppIcon167>
        <iPhone_Launch2x>$(BDS)\bin\Artwork\iOS\iPhone\FM_LaunchImage_2x.png</iPhone_Launch2x>
        <iPhone_LaunchDark2x>$(BDS)\bin\Artwork\iOS\iPhone\FM_LaunchImageDark_2x.png</iPhone_LaunchDark2x>
        <iPhone_Launch3x>$(BDS)\bin\Artwork\iOS\iPhone\FM_LaunchImage_3x.png</iPhone_Launch3x>
        <iPhone_LaunchDark3x>$(BDS)\bin\Artwork\iOS\iPhone\FM_LaunchImageDark_3x.png</iPhone_LaunchDark3x>
        <iPad_Launch2x>$(BDS)\bin\Artwork\iOS\iPad\FM_LaunchImage_2x.png</iPad_Launch2x>
        <iPad_LaunchDark2x>$(BDS)\bin\Artwork\iOS\iPad\FM_LaunchImageDark_2x.png</iPad_LaunchDark2x>
        <DCC_iOSMinimumVersion>10.0</DCC_iOSMinimumVersion>
    </PropertyGroup>
    <PropertyGroup Condition="'$(Base_Win32)'!=''">
        <DCC_Namespace>Data.Win;Datasnap.Win;Web.Win;Soap.Win;Xml.Win;Bde;$(DCC_Namespace)</DCC_Namespace>
        <BT_BuildType>Debug</BT_BuildType>
        <VerInfo_IncludeVerInfo>true</VerInfo_IncludeVerInfo>
        <VerInfo_Keys>CompanyName=;FileDescription=$(MSBuildProjectName);FileVersion=1.0.0.0;InternalName=;LegalCopyright=;LegalTrademarks=;OriginalFilename=;ProductName=$(MSBuildProjectName);ProductVersion=1.0.0.0;Comments=;ProgramID=com.embarcadero.$(MSBuildProjectName)</VerInfo_Keys>
        <VerInfo_Locale>1033</VerInfo_Locale>
        <Manifest_File>$(BDS)\bin\default_app.manifest</Manifest_File>
        <AppEnableRuntimeThemes>true</AppEnableRuntimeThemes>
        <UWP_DelphiLogo44>$(BDS)\bin\Artwork\Windows\UWP\delphi_UwpDefault_44.png</UWP_DelphiLogo44>
        <UWP_DelphiLogo150>$(BDS)\bin\Artwork\Windows\UWP\delphi_UwpDefault_150.png</UWP_DelphiLogo150>
    </PropertyGroup>
    <PropertyGroup Condition="'$(Base_Win64)'!=''">
        <UWP_DelphiLogo44>$(BDS)\bin\Artwork\Windows\UWP\delphi_UwpDefault_44.png</UWP_DelphiLogo44>
        <UWP_DelphiLogo150>$(BDS)\bin\Artwork\Windows\UWP\delphi_UwpDefault_150.png</UWP_DelphiLogo150>
    </PropertyGroup>
    <PropertyGroup Condition="'$(Cfg_1)'!=''">
        <DCC_Define>RELEASE;$(DCC_Define)</DCC_Define>
        <DCC_DebugInformation>0</DCC_DebugInformation>
        <DCC_LocalDebugSymbols>false</DCC_LocalDebugSymbols>
        <DCC_SymbolReferenceInfo>0</DCC_SymbolReferenceInfo>
    </PropertyGroup>
    <PropertyGroup Condition="'$(Cfg_1_Win32)'!=''">
        <AppEnableRuntimeThemes>true</AppEnableRuntimeThemes>
        <AppDPIAwarenessMode>PerMonitorV2</AppDPIAwarenessMode>
    </PropertyGroup>
    <PropertyGroup Condition="'$(Cfg_2)'!=''">
        <DCC_Define>DEBUG;$(DCC_Define)</DCC_Define>
        <DCC_Optimize>false</DCC_Optimize>
        <DCC_GenerateStackFrames>true</DCC_GenerateStackFrames>
    </PropertyGroup>
    <PropertyGroup Condition="'$(Cfg_2_Android64)'!=''">
        <BT_BuildType>Debug</BT_BuildType>
    </PropertyGroup>
    <PropertyGroup Condition="'$(Cfg_2_iOSDevice64)'!=''">
        <BT_BuildType>Debug</BT_BuildType>
    </PropertyGroup>
    <PropertyGroup Condition="'$(Cfg_2_iOSSimulator)'!=''">
        <DCC_RemoteDebug>true</DCC_RemoteDebug>
    </PropertyGroup>
    <PropertyGroup Condition="'$(Cfg_2_Win32)'!=''">
        <AppEnableRuntimeThemes>true</AppEnableRuntimeThemes>
        <AppDPIAwarenessMode>PerMonitorV2</AppDPIAwarenessMode>
        <DCC_ExeOutput>C:\FIeld\Deploy\</DCC_ExeOutput>
        <VerInfo_IncludeVerInfo>true</VerInfo_IncludeVerInfo>
        <VerInfo_Locale>1033</VerInfo_Locale>
        <VerInfo_Keys>CompanyName=;FileDescription=$(MSBuildProjectName);FileVersion=1.0.0.78;InternalName=;LegalCopyright=;LegalTrademarks=;OriginalFilename=;ProductName=$(MSBuildProjectName);ProductVersion=1.0.0.0;Comments=;ProgramID=com.embarcadero.$(MSBuildProjectName)</VerInfo_Keys>
        <Icon_MainIcon>FieldPec_Icon2.ico</Icon_MainIcon>
        <VerInfo_Build>78</VerInfo_Build>
    </PropertyGroup>
    <ItemGroup>
        <DelphiCompile Include="$(MainSource)">
            <MainSource>MainSource</MainSource>
        </DelphiCompile>
        <DCCReference Include="UPrincipal.pas">
            <Form>frmPrincipal</Form>
        </DCCReference>
        <DCCReference Include="CadPadrao\UCadPadrao.pas">
            <Form>frmCadPadrao</Form>
        </DCCReference>
        <DCCReference Include="AuxMotivoMorte\UAuxMotivoMorte.pas">
            <Form>frmAuxMotivoMorte</Form>
        </DCCReference>
        <DCCReference Include="AuxMotivoMovimentacao\UAuxMotivoMovimentacao.pas">
            <Form>frmCadAuxMov</Form>
        </DCCReference>
        <DCCReference Include="AuxOcorrencia\UAuxOcorrencia.pas">
            <Form>frmAuxOcorrencia</Form>
        </DCCReference>
        <DCCReference Include="Calendario\UCalendario.pas">
            <Form>frmCadCalendario</Form>
        </DCCReference>
        <DCCReference Include="Currais\UCurrais.pas">
            <Form>frmCadCurral</Form>
        </DCCReference>
        <DCCReference Include="DashBoard\UDashboard.pas">
            <Form>frmWeb</Form>
        </DCCReference>
        <DCCReference Include="EntradaGrupo\UEntradaGrupo.pas">
            <Form>V</Form>
        </DCCReference>
        <DCCReference Include="Estoque\Entrada\UEntradaEstoqueMineral.pas">
            <Form>frmEntradaEstoqueMineral</Form>
        </DCCReference>
        <DCCReference Include="FornecedorSuplemento\UFornecedorSuplemento.pas">
            <Form>frmCadFornecedorMineral</Form>
        </DCCReference>
        <DCCReference Include="FornecimentoMineral\UFornecimentoMineral.pas">
            <Form>frmCadFornecimento</Form>
        </DCCReference>
        <DCCReference Include="GTA\UCadGTA.pas">
            <Form>frmCadGTA</Form>
        </DCCReference>
        <DCCReference Include="MovimentacaoGrupo\UMovimentacaoGrupo.pas">
            <Form>frmMovimentacaoGrupo</Form>
        </DCCReference>
        <DCCReference Include="msgDlg\UMsgDlg.pas">
            <Form>FrmmsgDlg</Form>
        </DCCReference>
        <DCCReference Include="PlanNutri\UPlanNutri.pas">
            <Form>frmCadPlanNutri</Form>
        </DCCReference>
        <DCCReference Include="PropriedadeParceira\UPropriedadeParceira.pas">
            <Form>frmCadPropriedades</Form>
        </DCCReference>
        <DCCReference Include="Raca\UCadRaca.pas">
            <Form>frmCadRacas</Form>
        </DCCReference>
        <DCCReference Include="SaidaGrupo\USaidaGrupo.pas">
            <Form>frmSaidaGrupo</Form>
        </DCCReference>
        <DCCReference Include="Service\UServiceDB.pas">
            <Form>serviceDB</Form>
            <DesignClass>TDataModule</DesignClass>
        </DCCReference>
        <DCCReference Include="SuplementoMineral\USuplementoMineral.pas">
            <Form>frmCadSuplementoMineral</Form>
        </DCCReference>
        <DCCReference Include="Users\UCadUsers.pas">
            <Form>frmCadUsers</Form>
        </DCCReference>
        <DCCReference Include="Categoria\UCadCategoria.pas">
            <Form>frmCadCategoria</Form>
        </DCCReference>
        <DCCReference Include="PrevForn\UPrevisaoForn.pas">
            <Form>frmPrevisao</Form>
        </DCCReference>
        <DCCReference Include="msgDlg\UMsgDlgRel.pas">
            <Form>FrmmsgDlgRel</Form>
        </DCCReference>
        <DCCReference Include="EntradaAnimal\UEntAnimal.pas">
            <Form>frmOpercaoEntrada</Form>
        </DCCReference>
        <DCCReference Include="MovimentacaoPesagemInd\UMovimentacaoPesagemAnimal.pas">
            <Form>frmMovPesagemAnimal</Form>
        </DCCReference>
        <DCCReference Include="SaidaInd\USaidaInd.pas">
            <Form>frmSaidaInd</Form>
        </DCCReference>
        <DCCReference Include="TThread\UMyCustomThread.pas"/>
        <DCCReference Include="Retiro\URetiro.pas">
            <Form>frmCadRetiro</Form>
        </DCCReference>
        <DCCReference Include="Rastreabilidade\Certificadora\UCertificadora.pas">
            <Form>frmCadCertificadora</Form>
        </DCCReference>
        <DCCReference Include="Rastreabilidade\FornecedorBrincos\UFornecedorBrincos.pas">
            <Form>frmCadFornBrincos</Form>
        </DCCReference>
        <DCCReference Include="Rastreabilidade\BND\UBND.pas">
            <Form>frmCadBND</Form>
        </DCCReference>
        <DCCReference Include="Rastreabilidade\PedidoBrinco\UPedidoBrincos.pas">
            <Form>frmCadPedido</Form>
        </DCCReference>
        <DCCReference Include="Rastreabilidade\Comunicados\Reidentificacao\UComunicadoReidentificacao.pas">
            <Form>frmCadComunicadoReident</Form>
        </DCCReference>
        <DCCReference Include="Rastreabilidade\Comunicados\Morte\UComunicadoMorte.pas">
            <Form>frmComunicadoMorte</Form>
        </DCCReference>
        <DCCReference Include="Rastreabilidade\Comunicados\Morte\UAuxMorte.pas">
            <Form>frmCadAuxMorte</Form>
        </DCCReference>
        <DCCReference Include="Rastreabilidade\Comunicados\Entrada\UComunicadoEntrada.pas">
            <Form>frmCadComunicadoEnt</Form>
        </DCCReference>
        <DCCReference Include="Rastreabilidade\Comunicados\ComunicadoNascimento\UComunicadoNascimento.pas">
            <Form>frmComunicadoNascimento</Form>
        </DCCReference>
        <DCCReference Include="Importacoes\UImportaLiberacao.pas">
            <Form>frmImportaDataLiberacao</Form>
        </DCCReference>
        <DCCReference Include="Sanidade\Fabricantes\UFabricanteFarmaco.pas">
            <Form>frmCadFabricanteFarmaco</Form>
        </DCCReference>
        <DCCReference Include="Sanidade\Farmacos\UFarmacos.pas">
            <Form>frmCadFarmaco</Form>
        </DCCReference>
        <DCCReference Include="Sanidade\Auxiliar\UIndicaFarmaco.pas">
            <Form>frmAuxIndicacaoFarmaco</Form>
        </DCCReference>
        <DCCReference Include="Sanidade\Protocolo\UProtocolo.pas">
            <Form>frmCadProtocolo</Form>
        </DCCReference>
        <DCCReference Include="Sanidade\Estoque\UEstoqueFarmaco.pas">
            <Form>frmEstoqueFarmaco</Form>
        </DCCReference>
        <DCCReference Include="Sanidade\Tratamentos\UTratamentos.pas">
            <Form>frmTratamentoSani</Form>
        </DCCReference>
        <DCCReference Include="Rastreabilidade\Comunicados\TTA\UTTA.pas">
            <Form>frmTTA</Form>
        </DCCReference>
        <DCCReference Include="ServiceRel\ServiceRel.pas">
            <Form>SerRel</Form>
            <DesignClass>TDataModule</DesignClass>
        </DCCReference>
        <DCCReference Include="HistoricoMovimentacao\UHistoricoMov.pas">
            <Form>frmHistMovimentacao</Form>
        </DCCReference>
        <DCCReference Include="Morte\UMorte.pas">
            <Form>frmMorte</Form>
        </DCCReference>
        <DCCReference Include="Nascimento\UNascimento.pas">
            <Form>frmNascimento</Form>
        </DCCReference>
        <DCCReference Include="Comprador\UCompradorGado.pas">
            <Form>frmCadCompradorGado</Form>
        </DCCReference>
        <DCCReference Include="FiltrosRel\UFiltrosRel.pas">
            <Form>frmFiltrosRel</Form>
        </DCCReference>
        <DCCReference Include="AuxMotivoAplicacao\UMotivoAplicacao.pas">
            <Form>frmAuxMotivoAplicacao</Form>
        </DCCReference>
        <DCCReference Include="PlanejamentoUsoMineral\UPlanUsoMineral.pas">
            <Form>frmPlanUsoMineral</Form>
        </DCCReference>
        <DCCReference Include="DiariasOcupacao\UDiariasOcupacao.pas">
            <Form>frmDiariasOcupacao</Form>
        </DCCReference>
        <DCCReference Include="CurralConfinamento\UCurralConfinamento.pas">
            <Form>frmCadCurralConf</Form>
        </DCCReference>
        <DCCReference Include="ServiceIntegracao\USevIntegracao.pas">
            <Form>srvIntegracao</Form>
            <DesignClass>TDataModule</DesignClass>
        </DCCReference>
        <DCCReference Include="IntegracaoTerceiros\UIntegracaoTerceiros.pas">
            <Form>frmIntegracaoTerceiros</Form>
        </DCCReference>
        <DCCReference Include="GraficoConsumoPasto\UGraficoConsumo.pas">
            <Form>frmGraficoConsumo</Form>
        </DCCReference>
        <DCCReference Include="Service\ServiceDB2.pas">
            <Form>serviceDBN</Form>
            <DesignClass>TDataModule</DesignClass>
        </DCCReference>
        <DCCReference Include="Pluviometro\UPluviometro.pas">
            <Form>frmPluviometro</Form>
        </DCCReference>
        <DCCReference Include="Pluviometria\UPluviometria.pas">
            <Form>frmPluviometria</Form>
        </DCCReference>
        <DCCReference Include="Bebedouro\UBebedouro.pas">
            <Form>frmBebedouro</Form>
        </DCCReference>
        <DCCReference Include="ScorePasto\UScorePasto.pas">
            <Form>frmScorePasto</Form>
        </DCCReference>
        <DCCReference Include="Alimentos\UAlimentos.pas">
            <Form>frmCadAlimento</Form>
        </DCCReference>
        <DCCReference Include="AuxRebanho\UAuxRebanho.pas">
            <Form>frmCadRebanho</Form>
        </DCCReference>
        <DCCReference Include="Reports\HistoricoObsManejo\URelHisObsManejo.pas">
            <Form>frmRelHistObsManejo</Form>
        </DCCReference>
        <DCCReference Include="Confinamento\Racao\UCadRacao.pas">
            <Form>frmCadRacao</Form>
        </DCCReference>
        <DCCReference Include="Service\USeviceConfinamento.pas">
            <Form>ServiceConf</Form>
            <DesignClass>TDataModule</DesignClass>
        </DCCReference>
        <DCCReference Include="Confinamento\PlanejamentoNutricional\UPlanConfi.pas">
            <Form>frmPlanNutriConfi</Form>
        </DCCReference>
        <DCCReference Include="Confinamento\PlanejamentoTratos\UPlanTratosPadrao.pas">
            <Form>frmCadPlanTratosPadrao</Form>
        </DCCReference>
        <DCCReference Include="LoteNutricional\ULoteNutricional.pas">
            <Form>frmLoteNutricional</Form>
        </DCCReference>
        <DCCReference Include="AuxCargo\UAuxCargo.pas">
            <Form>frmAuxCargo</Form>
        </DCCReference>
        <DCCReference Include="Confinamento\FornecimentRacao\UFornecimentoRacaoConf.pas">
            <Form>frmFornecimentoConf</Form>
        </DCCReference>
        <DCCReference Include="Confinamento\Auxiliares\UAuxCadNotaCocho.pas">
            <Form>frmCadAuxNotaCocho</Form>
        </DCCReference>
        <DCCReference Include="Confinamento\LeituraCocho\ULeituraCocho.pas">
            <Form>frmLeituradeCocho</Form>
        </DCCReference>
        <DCCReference Include="Confinamento\DmReportsConf\UdmReportConf.pas">
            <Form>dmRelConf</Form>
            <DesignClass>TDataModule</DesignClass>
        </DCCReference>
        <DCCReference Include="AuxCentroCusto\UAuxCentroCusto.pas">
            <Form>frmAuxCentroCusto</Form>
        </DCCReference>
        <DCCReference Include="Estoque\Saida\UBaixaEstoque.pas">
            <Form>frmCadBaixaEstoqueInd</Form>
        </DCCReference>
        <DCCReference Include="Confinamento\DashLotes\UDashLotes.pas">
            <Form>frmDashLotes</Form>
        </DCCReference>
        <DCCReference Include="ContratoCompraAnimal\ContratoCompra.pas">
            <Form>frmContratoCompra</Form>
        </DCCReference>
        <DCCReference Include="util\uFormat.pas"/>
        <DCCReference Include="Confinamento\DashEstoque\UDashEstoque.pas">
            <Form>frmDashBoard</Form>
        </DCCReference>
        <DCCReference Include="RelatorioZooConf\URelatorioZooConf.pas">
            <Form>frmRelatorioZooConf</Form>
        </DCCReference>
        <DCCReference Include="RelatorioGMD\URelGMD.pas">
            <Form>frmRelGMD</Form>
        </DCCReference>
        <DCCReference Include="Service\UServiceBaseCampo.pas">
            <Form>DMBaseCampo</Form>
            <DesignClass>TDataModule</DesignClass>
        </DCCReference>
        <DCCReference Include="BaseCampo\UBaseCampo.pas">
            <Form>frmBaseCampo</Form>
        </DCCReference>
        <DCCReference Include="VeiculosEmbarque\UVeiculosEmbarque.pas">
            <Form>frmVeiculosEmbarquer</Form>
        </DCCReference>
        <DCCReference Include="HitsMovRebanho\UHistMovRebanho.pas">
            <Form>frmHistMovRebanho</Form>
        </DCCReference>
        <DCCReference Include="Confinamento\RelFinanceiro\URelFinanceiro.pas">
            <Form>frmRelFinanceiro</Form>
        </DCCReference>
        <DCCReference Include="Sanidade\BaixaManual\UBaixaManualFarmaco.pas">
            <Form>frmBaixaManualFarmaco</Form>
        </DCCReference>
        <DCCReference Include="RelatorioSaida\URelSaida.pas">
            <Form>frmRelSaida</Form>
        </DCCReference>
        <DCCReference Include="RateioOutrosCustos\URateioOutrosCustos.pas">
            <Form>frmReteioOutrosCustos</Form>
        </DCCReference>
        <DCCReference Include="CustoFixo\UCustoFixo.pas">
            <Form>frmCustoFixo</Form>
        </DCCReference>
        <DCCReference Include="Confinamento\Fabricacao\FabricaNew.pas">
            <Form>frmFabricaNew</Form>
        </DCCReference>
        <DCCReference Include="EstoqueChip\UEstoqueChip.pas">
            <Form>frmCadPedidoChip</Form>
        </DCCReference>
        <DCCReference Include="RetiradaChip\URetiradaChip.pas">
            <Form>frmRetiradaChip</Form>
        </DCCReference>
        <DCCReference Include="Service\UServiceNew.pas">
            <Form>ServiceNew</Form>
            <DesignClass>TDataModule</DesignClass>
        </DCCReference>
        <DCCReference Include="Capataz\UCapataz.pas">
            <Form>frmCadCapataz</Form>
        </DCCReference>
        <DCCReference Include="UMedicoVeterinario.pas">
            <Form>frmCadVeterinario</Form>
        </DCCReference>
        <DCCReference Include="CadastroOperacao\UCadOperacao.pas">
            <Form>frmCadOperacao</Form>
        </DCCReference>
        <DCCReference Include="ResponsavelRastreabilidade\UResponsavelRastreabilidade.pas">
            <Form>frmCadRespRastreabilidade</Form>
        </DCCReference>
        <DCCReference Include="GerenteOperacional\UGerenteOperacional.pas">
            <Form>frmCadGerenteOperacional</Form>
        </DCCReference>
        <DCCReference Include="vagao\UVagao.pas">
            <Form>frmCadVagao</Form>
        </DCCReference>
        <BuildConfiguration Include="Debug">
            <Key>Cfg_2</Key>
            <CfgParent>Base</CfgParent>
        </BuildConfiguration>
        <BuildConfiguration Include="Base">
            <Key>Base</Key>
        </BuildConfiguration>
        <BuildConfiguration Include="Release">
            <Key>Cfg_1</Key>
            <CfgParent>Base</CfgParent>
        </BuildConfiguration>
    </ItemGroup>
    <ProjectExtensions>
        <Borland.Personality>Delphi.Personality.12</Borland.Personality>
        <Borland.ProjectType/>
        <BorlandProject>
            <Delphi.Personality>
                <Source>
                    <Source Name="MainSource">FieldPec.dpr</Source>
                </Source>
                <Excluded_Packages>
                    <Excluded_Packages Name="$(BDSBIN)\dcloffice2k270.bpl">Microsoft Office 2000 Sample Automation Server Wrapper Components</Excluded_Packages>
                    <Excluded_Packages Name="$(BDSBIN)\dclofficexp270.bpl">Microsoft Office XP Sample Automation Server Wrapper Components</Excluded_Packages>
                    <Excluded_Packages Name="C:\Acbr\Lib\Delphi\LibD27\Win32\DCLACBr_Comum.bpl">File C:\Acbr\Lib\Delphi\LibD27\Win32\DCLACBr_Comum.bpl not found</Excluded_Packages>
                    <Excluded_Packages Name="C:\Acbr\Lib\Delphi\LibD27\Win32\DCLACBr_OpenSSL.bpl">File C:\Acbr\Lib\Delphi\LibD27\Win32\DCLACBr_OpenSSL.bpl not found</Excluded_Packages>
                    <Excluded_Packages Name="C:\Acbr\Lib\Delphi\LibD27\Win32\DCLACBr_Diversos.bpl">File C:\Acbr\Lib\Delphi\LibD27\Win32\DCLACBr_Diversos.bpl not found</Excluded_Packages>
                    <Excluded_Packages Name="C:\Acbr\Lib\Delphi\LibD27\Win32\DCLACBr_Serial.bpl">File C:\Acbr\Lib\Delphi\LibD27\Win32\DCLACBr_Serial.bpl not found</Excluded_Packages>
                    <Excluded_Packages Name="C:\Acbr\Lib\Delphi\LibD27\Win32\DCLACBr_Convenio115.bpl">File C:\Acbr\Lib\Delphi\LibD27\Win32\DCLACBr_Convenio115.bpl not found</Excluded_Packages>
                    <Excluded_Packages Name="C:\Acbr\Lib\Delphi\LibD27\Win32\DCLACBr_LFD.bpl">File C:\Acbr\Lib\Delphi\LibD27\Win32\DCLACBr_LFD.bpl not found</Excluded_Packages>
                    <Excluded_Packages Name="C:\Acbr\Lib\Delphi\LibD27\Win32\DCLACBr_EDI.bpl">File C:\Acbr\Lib\Delphi\LibD27\Win32\DCLACBr_EDI.bpl not found</Excluded_Packages>
                    <Excluded_Packages Name="C:\Acbr\Lib\Delphi\LibD27\Win32\DCLACBr_PAF.bpl">File C:\Acbr\Lib\Delphi\LibD27\Win32\DCLACBr_PAF.bpl not found</Excluded_Packages>
                    <Excluded_Packages Name="C:\Acbr\Lib\Delphi\LibD27\Win32\DCLACBr_SEF2.bpl">File C:\Acbr\Lib\Delphi\LibD27\Win32\DCLACBr_SEF2.bpl not found</Excluded_Packages>
                    <Excluded_Packages Name="C:\Acbr\Lib\Delphi\LibD27\Win32\DCLACBr_Sintegra.bpl">File C:\Acbr\Lib\Delphi\LibD27\Win32\DCLACBr_Sintegra.bpl not found</Excluded_Packages>
                    <Excluded_Packages Name="C:\Acbr\Lib\Delphi\LibD27\Win32\DCLACBr_SPED.bpl">File C:\Acbr\Lib\Delphi\LibD27\Win32\DCLACBr_SPED.bpl not found</Excluded_Packages>
                    <Excluded_Packages Name="C:\Acbr\Lib\Delphi\LibD27\Win32\DCLACBr_SPEDImportar.bpl">File C:\Acbr\Lib\Delphi\LibD27\Win32\DCLACBr_SPEDImportar.bpl not found</Excluded_Packages>
                    <Excluded_Packages Name="C:\Acbr\Lib\Delphi\LibD27\Win32\DCLACBr_DeSTDA.bpl">File C:\Acbr\Lib\Delphi\LibD27\Win32\DCLACBr_DeSTDA.bpl not found</Excluded_Packages>
                    <Excluded_Packages Name="C:\Acbr\Lib\Delphi\LibD27\Win32\DCLACBr_Ponto.bpl">File C:\Acbr\Lib\Delphi\LibD27\Win32\DCLACBr_Ponto.bpl not found</Excluded_Packages>
                    <Excluded_Packages Name="C:\Acbr\Lib\Delphi\LibD27\Win32\DCLACBr_LCDPR.bpl">File C:\Acbr\Lib\Delphi\LibD27\Win32\DCLACBr_LCDPR.bpl not found</Excluded_Packages>
                    <Excluded_Packages Name="C:\Acbr\Lib\Delphi\LibD27\Win32\DCLACBr_ADRCST.bpl">File C:\Acbr\Lib\Delphi\LibD27\Win32\DCLACBr_ADRCST.bpl not found</Excluded_Packages>
                    <Excluded_Packages Name="C:\Acbr\Lib\Delphi\LibD27\Win32\DCLACBr_TCP.bpl">File C:\Acbr\Lib\Delphi\LibD27\Win32\DCLACBr_TCP.bpl not found</Excluded_Packages>
                    <Excluded_Packages Name="C:\Acbr\Lib\Delphi\LibD27\Win32\DCLACBr_MTER.bpl">File C:\Acbr\Lib\Delphi\LibD27\Win32\DCLACBr_MTER.bpl not found</Excluded_Packages>
                    <Excluded_Packages Name="C:\Acbr\Lib\Delphi\LibD27\Win32\DCLACBr_PIXCD.bpl">File C:\Acbr\Lib\Delphi\LibD27\Win32\DCLACBr_PIXCD.bpl not found</Excluded_Packages>
                    <Excluded_Packages Name="C:\Acbr\Lib\Delphi\LibD27\Win32\DCLACBr_Integrador.bpl">File C:\Acbr\Lib\Delphi\LibD27\Win32\DCLACBr_Integrador.bpl not found</Excluded_Packages>
                    <Excluded_Packages Name="C:\Acbr\Lib\Delphi\LibD27\Win32\DCLACBr_DFeComum.bpl">File C:\Acbr\Lib\Delphi\LibD27\Win32\DCLACBr_DFeComum.bpl not found</Excluded_Packages>
                    <Excluded_Packages Name="C:\Acbr\Lib\Delphi\LibD27\Win32\DCLACBr_Boleto.bpl">File C:\Acbr\Lib\Delphi\LibD27\Win32\DCLACBr_Boleto.bpl not found</Excluded_Packages>
                    <Excluded_Packages Name="C:\Acbr\Lib\Delphi\LibD27\Win32\DCLACBr_PagFor.bpl">File C:\Acbr\Lib\Delphi\LibD27\Win32\DCLACBr_PagFor.bpl not found</Excluded_Packages>
                    <Excluded_Packages Name="C:\Acbr\Lib\Delphi\LibD27\Win32\DCLACBr_DebitoAutomatico.bpl">File C:\Acbr\Lib\Delphi\LibD27\Win32\DCLACBr_DebitoAutomatico.bpl not found</Excluded_Packages>
                    <Excluded_Packages Name="C:\Acbr\Lib\Delphi\LibD27\Win32\DCLACBr_NFe.bpl">File C:\Acbr\Lib\Delphi\LibD27\Win32\DCLACBr_NFe.bpl not found</Excluded_Packages>
                    <Excluded_Packages Name="C:\Acbr\Lib\Delphi\LibD27\Win32\DCLACBr_NFCeECFVirtual.bpl">File C:\Acbr\Lib\Delphi\LibD27\Win32\DCLACBr_NFCeECFVirtual.bpl not found</Excluded_Packages>
                    <Excluded_Packages Name="C:\Acbr\Lib\Delphi\LibD27\Win32\DCLACBr_NFeDanfeESCPOS.bpl">File C:\Acbr\Lib\Delphi\LibD27\Win32\DCLACBr_NFeDanfeESCPOS.bpl not found</Excluded_Packages>
                    <Excluded_Packages Name="C:\Acbr\Lib\Delphi\LibD27\Win32\DCLACBr_CTe.bpl">File C:\Acbr\Lib\Delphi\LibD27\Win32\DCLACBr_CTe.bpl not found</Excluded_Packages>
                    <Excluded_Packages Name="C:\Acbr\Lib\Delphi\LibD27\Win32\DCLACBr_NFSe.bpl">File C:\Acbr\Lib\Delphi\LibD27\Win32\DCLACBr_NFSe.bpl not found</Excluded_Packages>
                    <Excluded_Packages Name="C:\Acbr\Lib\Delphi\LibD27\Win32\DCLACBr_NFSeX.bpl">File C:\Acbr\Lib\Delphi\LibD27\Win32\DCLACBr_NFSeX.bpl not found</Excluded_Packages>
                    <Excluded_Packages Name="C:\Acbr\Lib\Delphi\LibD27\Win32\DCLACBr_NFCom.bpl">File C:\Acbr\Lib\Delphi\LibD27\Win32\DCLACBr_NFCom.bpl not found</Excluded_Packages>
                    <Excluded_Packages Name="C:\Acbr\Lib\Delphi\LibD27\Win32\DCLACBr_MDFe.bpl">File C:\Acbr\Lib\Delphi\LibD27\Win32\DCLACBr_MDFe.bpl not found</Excluded_Packages>
                    <Excluded_Packages Name="C:\Acbr\Lib\Delphi\LibD27\Win32\DCLACBr_GNRE.bpl">File C:\Acbr\Lib\Delphi\LibD27\Win32\DCLACBr_GNRE.bpl not found</Excluded_Packages>
                    <Excluded_Packages Name="C:\Acbr\Lib\Delphi\LibD27\Win32\DCLACBre_Social.bpl">File C:\Acbr\Lib\Delphi\LibD27\Win32\DCLACBre_Social.bpl not found</Excluded_Packages>
                    <Excluded_Packages Name="C:\Acbr\Lib\Delphi\LibD27\Win32\DCLACBr_Reinf.bpl">File C:\Acbr\Lib\Delphi\LibD27\Win32\DCLACBr_Reinf.bpl not found</Excluded_Packages>
                    <Excluded_Packages Name="C:\Acbr\Lib\Delphi\LibD27\Win32\DCLACBr_SAT.bpl">File C:\Acbr\Lib\Delphi\LibD27\Win32\DCLACBr_SAT.bpl not found</Excluded_Packages>
                    <Excluded_Packages Name="C:\Acbr\Lib\Delphi\LibD27\Win32\DCLACBr_SATECFVirtual.bpl">File C:\Acbr\Lib\Delphi\LibD27\Win32\DCLACBr_SATECFVirtual.bpl not found</Excluded_Packages>
                    <Excluded_Packages Name="C:\Acbr\Lib\Delphi\LibD27\Win32\DCLACBr_SATExtratoESCPOS.bpl">File C:\Acbr\Lib\Delphi\LibD27\Win32\DCLACBr_SATExtratoESCPOS.bpl not found</Excluded_Packages>
                    <Excluded_Packages Name="C:\Acbr\Lib\Delphi\LibD27\Win32\DCLACBr_SATWS.bpl">File C:\Acbr\Lib\Delphi\LibD27\Win32\DCLACBr_SATWS.bpl not found</Excluded_Packages>
                    <Excluded_Packages Name="C:\Acbr\Lib\Delphi\LibD27\Win32\DCLACBr_BlocoX.bpl">File C:\Acbr\Lib\Delphi\LibD27\Win32\DCLACBr_BlocoX.bpl not found</Excluded_Packages>
                    <Excluded_Packages Name="C:\Acbr\Lib\Delphi\LibD27\Win32\DCLACBr_PAFNFCe.bpl">File C:\Acbr\Lib\Delphi\LibD27\Win32\DCLACBr_PAFNFCe.bpl not found</Excluded_Packages>
                    <Excluded_Packages Name="C:\Acbr\Lib\Delphi\LibD27\Win32\DCLACBr_BPe.bpl">File C:\Acbr\Lib\Delphi\LibD27\Win32\DCLACBr_BPe.bpl not found</Excluded_Packages>
                    <Excluded_Packages Name="C:\Acbr\Lib\Delphi\LibD27\Win32\DCLACBr_BPeDabpeESCPOS.bpl">File C:\Acbr\Lib\Delphi\LibD27\Win32\DCLACBr_BPeDabpeESCPOS.bpl not found</Excluded_Packages>
                    <Excluded_Packages Name="C:\Acbr\Lib\Delphi\LibD27\Win32\DCLACBr_ANe.bpl">File C:\Acbr\Lib\Delphi\LibD27\Win32\DCLACBr_ANe.bpl not found</Excluded_Packages>
                    <Excluded_Packages Name="C:\Acbr\Lib\Delphi\LibD27\Win32\DCLACBr_CIOT.bpl">File C:\Acbr\Lib\Delphi\LibD27\Win32\DCLACBr_CIOT.bpl not found</Excluded_Packages>
                    <Excluded_Packages Name="C:\Acbr\Lib\Delphi\LibD27\Win32\DCLACBr_ONE.bpl">File C:\Acbr\Lib\Delphi\LibD27\Win32\DCLACBr_ONE.bpl not found</Excluded_Packages>
                    <Excluded_Packages Name="C:\Acbr\Lib\Delphi\LibD27\Win32\DCLACBr_NF3e.bpl">File C:\Acbr\Lib\Delphi\LibD27\Win32\DCLACBr_NF3e.bpl not found</Excluded_Packages>
                    <Excluded_Packages Name="C:\Acbr\Lib\Delphi\LibD27\Win32\DCLACBr_NF3eDANF3eESCPOS.bpl">File C:\Acbr\Lib\Delphi\LibD27\Win32\DCLACBr_NF3eDANF3eESCPOS.bpl not found</Excluded_Packages>
                    <Excluded_Packages Name="C:\Acbr\Lib\Delphi\LibD27\Win32\DCLACBr_GTIN.bpl">File C:\Acbr\Lib\Delphi\LibD27\Win32\DCLACBr_GTIN.bpl not found</Excluded_Packages>
                    <Excluded_Packages Name="C:\Acbr\Lib\Delphi\LibD27\Win32\DCLACBr_TEFD.bpl">File C:\Acbr\Lib\Delphi\LibD27\Win32\DCLACBr_TEFD.bpl not found</Excluded_Packages>
                    <Excluded_Packages Name="C:\Acbr\Lib\Delphi\LibD27\Win32\DCLACBr_OFX.bpl">File C:\Acbr\Lib\Delphi\LibD27\Win32\DCLACBr_OFX.bpl not found</Excluded_Packages>
                    <Excluded_Packages Name="C:\Acbr\Lib\Delphi\LibD27\Win32\DCLACBr_OpenDelivery.bpl">File C:\Acbr\Lib\Delphi\LibD27\Win32\DCLACBr_OpenDelivery.bpl not found</Excluded_Packages>
                    <Excluded_Packages Name="C:\Acbr\Lib\Delphi\LibD27\Win32\DCLACBr_Android.bpl">File C:\Acbr\Lib\Delphi\LibD27\Win32\DCLACBr_Android.bpl not found</Excluded_Packages>
                    <Excluded_Packages Name="C:\Acbr\Lib\Delphi\LibD27\Win32\DCLACBr_BoletoFPDF.bpl">File C:\Acbr\Lib\Delphi\LibD27\Win32\DCLACBr_BoletoFPDF.bpl not found</Excluded_Packages>
                    <Excluded_Packages Name="C:\Acbr\Lib\Delphi\LibD27\Win32\DCLACBr_NFeDanfeFPDF.bpl">File C:\Acbr\Lib\Delphi\LibD27\Win32\DCLACBr_NFeDanfeFPDF.bpl not found</Excluded_Packages>
                    <Excluded_Packages Name="C:\Acbr\Lib\Delphi\LibD27\Win32\DCLACBr_NFSeXDanfseFPDF.bpl">File C:\Acbr\Lib\Delphi\LibD27\Win32\DCLACBr_NFSeXDanfseFPDF.bpl not found</Excluded_Packages>
                    <Excluded_Packages Name="C:\Acbr\Lib\Delphi\LibD27\Win32\DCLACBr_SATExtratoFPDF.bpl">File C:\Acbr\Lib\Delphi\LibD27\Win32\DCLACBr_SATExtratoFPDF.bpl not found</Excluded_Packages>
                    <Excluded_Packages Name="C:\Acbr\Lib\Delphi\LibD27\Win32\DCLACBr_NFeDanfeRL.bpl">File C:\Acbr\Lib\Delphi\LibD27\Win32\DCLACBr_NFeDanfeRL.bpl not found</Excluded_Packages>
                    <Excluded_Packages Name="C:\Acbr\Lib\Delphi\LibD27\Win32\DCLACBr_NFSeDanfseRL.bpl">File C:\Acbr\Lib\Delphi\LibD27\Win32\DCLACBr_NFSeDanfseRL.bpl not found</Excluded_Packages>
                    <Excluded_Packages Name="C:\Acbr\Lib\Delphi\LibD27\Win32\DCLACBr_NFSeXDanfseRL.bpl">File C:\Acbr\Lib\Delphi\LibD27\Win32\DCLACBr_NFSeXDanfseRL.bpl not found</Excluded_Packages>
                    <Excluded_Packages Name="C:\Acbr\Lib\Delphi\LibD27\Win32\DCLACBr_CTeDacteRL.bpl">File C:\Acbr\Lib\Delphi\LibD27\Win32\DCLACBr_CTeDacteRL.bpl not found</Excluded_Packages>
                    <Excluded_Packages Name="C:\Acbr\Lib\Delphi\LibD27\Win32\DCLACBr_BoletoRL.bpl">File C:\Acbr\Lib\Delphi\LibD27\Win32\DCLACBr_BoletoRL.bpl not found</Excluded_Packages>
                    <Excluded_Packages Name="C:\Acbr\Lib\Delphi\LibD27\Win32\DCLACBr_MDFeDamdfeRL.bpl">File C:\Acbr\Lib\Delphi\LibD27\Win32\DCLACBr_MDFeDamdfeRL.bpl not found</Excluded_Packages>
                    <Excluded_Packages Name="C:\Acbr\Lib\Delphi\LibD27\Win32\DCLACBr_SATExtratoRL.bpl">File C:\Acbr\Lib\Delphi\LibD27\Win32\DCLACBr_SATExtratoRL.bpl not found</Excluded_Packages>
                    <Excluded_Packages Name="C:\Acbr\Lib\Delphi\LibD27\Win32\DCLACBr_GNREGuiaRL.bpl">File C:\Acbr\Lib\Delphi\LibD27\Win32\DCLACBr_GNREGuiaRL.bpl not found</Excluded_Packages>
                </Excluded_Packages>
            </Delphi.Personality>
            <Platforms>
                <Platform value="Android">False</Platform>
                <Platform value="Android64">True</Platform>
                <Platform value="iOSDevice64">True</Platform>
                <Platform value="iOSSimulator">False</Platform>
                <Platform value="Win32">True</Platform>
                <Platform value="Win64">False</Platform>
            </Platforms>
        </BorlandProject>
        <ProjectFileVersion>12</ProjectFileVersion>
    </ProjectExtensions>
    <Import Project="$(BDS)\Bin\CodeGear.Delphi.Targets" Condition="Exists('$(BDS)\Bin\CodeGear.Delphi.Targets')"/>
    <Import Project="$(APPDATA)\Embarcadero\$(BDSAPPDATABASEDIR)\$(PRODUCTVERSION)\UserTools.proj" Condition="Exists('$(APPDATA)\Embarcadero\$(BDSAPPDATABASEDIR)\$(PRODUCTVERSION)\UserTools.proj')"/>
</Project>
